
Microsoft Visual Studio Solution File, Format Version 12.00
# Visual Studio Version 17
VisualStudioVersion = 17.6.33723.286
MinimumVisualStudioVersion = 10.0.40219.1
Project("{FAE04EC0-301F-11D3-BF4B-00C04F79EFBC}") = "ProductsInfo", "ProductsInfo.csproj", "{A770FC41-E153-4E3A-AE30-C45003A3D5FB}"
EndProject
Global
	GlobalSection(SolutionConfigurationPlatforms) = preSolution
		Debug|Any CPU = Debug|Any CPU
		Release|Any CPU = Release|Any CPU
	EndGlobalSection
	GlobalSection(ProjectConfigurationPlatforms) = postSolution
		{A770FC41-E153-4E3A-AE30-C45003A3D5FB}.Debug|Any CPU.ActiveCfg = Debug|Any CPU
		{A770FC41-E153-4E3A-AE30-C45003A3D5FB}.Debug|Any CPU.Build.0 = Debug|Any CPU
		{A770FC41-E153-4E3A-AE30-C45003A3D5FB}.Release|Any CPU.ActiveCfg = Release|Any CPU
		{A770FC41-E153-4E3A-AE30-C45003A3D5FB}.Release|Any CPU.Build.0 = Release|Any CPU
	EndGlobalSection
	GlobalSection(SolutionProperties) = preSolution
		HideSolutionNode = FALSE
	EndGlobalSection
	GlobalSection(ExtensibilityGlobals) = postSolution
		SolutionGuid = {D47EAD93-AB40-443E-9DDC-443068EC02C4}
	EndGlobalSection
EndGlobal
